
Microsoft Visual Studio Solution File, Format Version 12.00
# Visual Studio Version 17
VisualStudioVersion = 17.0.31903.59
MinimumVisualStudioVersion = 10.0.40219.1
Project("{FAE04EC0-301F-11D3-BF4B-00C04F79EFBC}") = "RightSize", "RightSize\RightSize.csproj", "{314DDB91-DC0E-4DAC-988F-68F3EDC1D874}"
EndProject
Project("{FAE04EC0-301F-11D3-BF4B-00C04F79EFBC}") = "TrapAnalyzer", "TrapAnalyzer\TrapAnalyzer.csproj", "{701364B5-2140-4578-A4D5-8BE932137F54}"
EndProject
Project("{FAE04EC0-301F-11D3-BF4B-00C04F79EFBC}") = "ChangeString", "ChangeString\ChangeString.csproj", "{F40B32AE-DE48-4802-B6DA-219F2E9478AB}"
EndProject
Project("{FAE04EC0-301F-11D3-BF4B-00C04F79EFBC}") = "ArrayMul", "ArrayMul\ArrayMul.csproj", "{58BC6CC9-ED18-45F8-8BAA-B1FD9A619DDC}"
EndProject
Project("{FAE04EC0-301F-11D3-BF4B-00C04F79EFBC}") = "HeroPerk", "HeroPerk\HeroPerk.csproj", "{30E8B6DA-92C8-4C88-B926-47537A80F5C4}"
EndProject
Global
	GlobalSection(SolutionConfigurationPlatforms) = preSolution
		Debug|Any CPU = Debug|Any CPU
		Release|Any CPU = Release|Any CPU
	EndGlobalSection
	GlobalSection(SolutionProperties) = preSolution
		HideSolutionNode = FALSE
	EndGlobalSection
	GlobalSection(ProjectConfigurationPlatforms) = postSolution
		{314DDB91-DC0E-4DAC-988F-68F3EDC1D874}.Debug|Any CPU.ActiveCfg = Debug|Any CPU
		{314DDB91-DC0E-4DAC-988F-68F3EDC1D874}.Debug|Any CPU.Build.0 = Debug|Any CPU
		{314DDB91-DC0E-4DAC-988F-68F3EDC1D874}.Release|Any CPU.ActiveCfg = Release|Any CPU
		{314DDB91-DC0E-4DAC-988F-68F3EDC1D874}.Release|Any CPU.Build.0 = Release|Any CPU
		{701364B5-2140-4578-A4D5-8BE932137F54}.Debug|Any CPU.ActiveCfg = Debug|Any CPU
		{701364B5-2140-4578-A4D5-8BE932137F54}.Debug|Any CPU.Build.0 = Debug|Any CPU
		{701364B5-2140-4578-A4D5-8BE932137F54}.Release|Any CPU.ActiveCfg = Release|Any CPU
		{701364B5-2140-4578-A4D5-8BE932137F54}.Release|Any CPU.Build.0 = Release|Any CPU
		{F40B32AE-DE48-4802-B6DA-219F2E9478AB}.Debug|Any CPU.ActiveCfg = Debug|Any CPU
		{F40B32AE-DE48-4802-B6DA-219F2E9478AB}.Debug|Any CPU.Build.0 = Debug|Any CPU
		{F40B32AE-DE48-4802-B6DA-219F2E9478AB}.Release|Any CPU.ActiveCfg = Release|Any CPU
		{F40B32AE-DE48-4802-B6DA-219F2E9478AB}.Release|Any CPU.Build.0 = Release|Any CPU
		{58BC6CC9-ED18-45F8-8BAA-B1FD9A619DDC}.Debug|Any CPU.ActiveCfg = Debug|Any CPU
		{58BC6CC9-ED18-45F8-8BAA-B1FD9A619DDC}.Debug|Any CPU.Build.0 = Debug|Any CPU
		{58BC6CC9-ED18-45F8-8BAA-B1FD9A619DDC}.Release|Any CPU.ActiveCfg = Release|Any CPU
		{58BC6CC9-ED18-45F8-8BAA-B1FD9A619DDC}.Release|Any CPU.Build.0 = Release|Any CPU
		{30E8B6DA-92C8-4C88-B926-47537A80F5C4}.Debug|Any CPU.ActiveCfg = Debug|Any CPU
		{30E8B6DA-92C8-4C88-B926-47537A80F5C4}.Debug|Any CPU.Build.0 = Debug|Any CPU
		{30E8B6DA-92C8-4C88-B926-47537A80F5C4}.Release|Any CPU.ActiveCfg = Release|Any CPU
		{30E8B6DA-92C8-4C88-B926-47537A80F5C4}.Release|Any CPU.Build.0 = Release|Any CPU
	EndGlobalSection
EndGlobal
